
Microsoft Visual Studio Solution File, Format Version 12.00
# Visual Studio 15
VisualStudioVersion = 15.0.27703.2018
MinimumVisualStudioVersion = 10.0.40219.1
Project("{FAE04EC0-301F-11D3-BF4B-00C04F79EFBC}") = "ConsoleTest", "ConsoleTest\ConsoleTest.csproj", "{885B266C-7F4E-41CA-A413-84208019EA3B}"
EndProject
Global
	GlobalSection(SolutionConfigurationPlatforms) = preSolution
		Debug|Any CPU = Debug|Any CPU
		Release|Any CPU = Release|Any CPU
	EndGlobalSection
	GlobalSection(ProjectConfigurationPlatforms) = postSolution
		{885B266C-7F4E-41CA-A413-84208019EA3B}.Debug|Any CPU.ActiveCfg = Debug|Any CPU
		{885B266C-7F4E-41CA-A413-84208019EA3B}.Debug|Any CPU.Build.0 = Debug|Any CPU
		{885B266C-7F4E-41CA-A413-84208019EA3B}.Release|Any CPU.ActiveCfg = Release|Any CPU
		{885B266C-7F4E-41CA-A413-84208019EA3B}.Release|Any CPU.Build.0 = Release|Any CPU
	EndGlobalSection
	GlobalSection(SolutionProperties) = preSolution
		HideSolutionNode = FALSE
	EndGlobalSection
	GlobalSection(ExtensibilityGlobals) = postSolution
		SolutionGuid = {69A82EEF-07C0-4241-AEB2-4411C6283B59}
	EndGlobalSection
EndGlobal
